PODS:
  - QBIndicatorButton (0.1.7)
  - QBToast (0.1.6)
  - SMCloudServices (1.5.1):
    - StarIO_Extension
  - StarIO (2.8.2)
  - StarIO_Extension (1.15.0):
    - StarIO
  - StarIODeviceSetting (1.0.0):
    - StarIO

DEPENDENCIES:
  - QBIndicatorButton
  - QBToast
  - SMCloudServices
  - StarIO
  - StarIO_Extension
  - StarIODeviceSetting

SPEC REPOS:
  trunk:
    - QBIndicatorButton
    - QBToast
    - SMCloudServices
    - StarIO
    - StarIO_Extension
    - StarIODeviceSetting

SPEC CHECKSUMS:
  QBIndicatorButton: a75035339ece444c7e5c2b24ef465d5fbddabd77
  QBToast: 5de1629af026c8ed08ce69f56f214ca81792948d
  SMCloudServices: d31c07b85289d68db7d0ada0b91fb5a1c078e694
  StarIO: e1d416e563e34fd77f94de779913618f6aac8972
  StarIO_Extension: 0484b9f19869e29f6e875060a543243f14153ba4
  StarIODeviceSetting: d07f79ebdfe378c62f6039ead040e61442606e31

PODFILE CHECKSUM: e110a8c6db207f77931cf07bf599c98cca2b1983

COCOAPODS: 1.10.1
