// !$*UTF8*$!
{
	archiveVersion = 1;
	classes = {
	};
	objectVersion = 51;
	objects = {

/* Begin PBXBuildFile section */
		2E399E1026575944007DCA73 /* AppDelegate.swift in Sources */ = {isa = PBXBuildFile; fileRef = 2E399E0F26575944007DCA73 /* AppDelegate.swift */; };
		2E399E1226575944007DCA73 /* SceneDelegate.swift in Sources */ = {isa = PBXBuildFile; fileRef = 2E399E1126575944007DCA73 /* SceneDelegate.swift */; };
		2E399E1426575944007DCA73 /* ViewController.swift in Sources */ = {isa = PBXBuildFile; fileRef = 2E399E1326575944007DCA73 /* ViewController.swift */; };
		2E399E1726575944007DCA73 /* Main.storyboard in Resources */ = {isa = PBXBuildFile; fileRef = 2E399E1526575944007DCA73 /* Main.storyboard */; };
		2E399E192657594C007DCA73 /* Assets.xcassets in Resources */ = {isa = PBXBuildFile; fileRef = 2E399E182657594C007DCA73 /* Assets.xcassets */; };
		2E399E1C2657594C007DCA73 /* LaunchScreen.storyboard in Resources */ = {isa = PBXBuildFile; fileRef = 2E399E1A2657594C007DCA73 /* LaunchScreen.storyboard */; };
		2E91CEDE265B31DC00FA9CF7 /* SMDefine.swift in Sources */ = {isa = PBXBuildFile; fileRef = 2E91CEDD265B31DC00FA9CF7 /* SMDefine.swift */; };
		BB474DF09DDD6086F07EF57D /* Pods_Start_Printer.framework in Frameworks */ = {isa = PBXBuildFile; fileRef = 2CB60ED90284D327EA4275C2 /* Pods_Start_Printer.framework */; };
/* End PBXBuildFile section */

/* Begin PBXFileReference section */
		2CB60ED90284D327EA4275C2 /* Pods_Start_Printer.framework */ = {isa = PBXFileReference; explicitFileType = wrapper.framework; includeInIndex = 0; path = Pods_Start_Printer.framework; sourceTree = BUILT_PRODUCTS_DIR; };
		2E399E0C26575944007DCA73 /* Start Printer.app */ = {isa = PBXFileReference; explicitFileType = wrapper.application; includeInIndex = 0; path = "Start Printer.app"; sourceTree = BUILT_PRODUCTS_DIR; };
		2E399E0F26575944007DCA73 /* AppDelegate.swift */ = {isa = PBXFileReference; lastKnownFileType = sourcecode.swift; path = AppDelegate.swift; sourceTree = "<group>"; };
		2E399E1126575944007DCA73 /* SceneDelegate.swift */ = {isa = PBXFileReference; lastKnownFileType = sourcecode.swift; path = SceneDelegate.swift; sourceTree = "<group>"; };
		2E399E1326575944007DCA73 /* ViewController.swift */ = {isa = PBXFileReference; lastKnownFileType = sourcecode.swift; path = ViewController.swift; sourceTree = "<group>"; };
		2E399E1626575944007DCA73 /* Base */ = {isa = PBXFileReference; lastKnownFileType = file.storyboard; name = Base; path = Base.lproj/Main.storyboard; sourceTree = "<group>"; };
		2E399E182657594C007DCA73 /* Assets.xcassets */ = {isa = PBXFileReference; lastKnownFileType = folder.assetcatalog; path = Assets.xcassets; sourceTree = "<group>"; };
		2E399E1B2657594C007DCA73 /* Base */ = {isa = PBXFileReference; lastKnownFileType = file.storyboard; name = Base; path = Base.lproj/LaunchScreen.storyboard; sourceTree = "<group>"; };
		2E399E1D2657594C007DCA73 /* Info.plist */ = {isa = PBXFileReference; lastKnownFileType = text.plist.xml; path = Info.plist; sourceTree = "<group>"; };
		2E399E2326576984007DCA73 /* Header.h */ = {isa = PBXFileReference; lastKnownFileType = sourcecode.c.h; path = Header.h; sourceTree = "<group>"; };
		2E91CEDD265B31DC00FA9CF7 /* SMDefine.swift */ = {isa = PBXFileReference; lastKnownFileType = sourcecode.swift; path = SMDefine.swift; sourceTree = "<group>"; };
		81999324DF2A051503C7B4C3 /* Pods-Start Printer.release.xcconfig */ = {isa = PBXFileReference; includeInIndex = 1; lastKnownFileType = text.xcconfig; name = "Pods-Start Printer.release.xcconfig"; path = "Target Support Files/Pods-Start Printer/Pods-Start Printer.release.xcconfig"; sourceTree = "<group>"; };
		FB3E1E963521C6EAD6C72591 /* Pods-Start Printer.debug.xcconfig */ = {isa = PBXFileReference; includeInIndex = 1; lastKnownFileType = text.xcconfig; name = "Pods-Start Printer.debug.xcconfig"; path = "Target Support Files/Pods-Start Printer/Pods-Start Printer.debug.xcconfig"; sourceTree = "<group>"; };
/* End PBXFileReference section */

/* Begin PBXFrameworksBuildPhase section */
		2E399E0926575944007DCA73 /* Frameworks */ = {
			isa = PBXFrameworksBuildPhase;
			buildActionMask = 2147483647;
			files = (
				BB474DF09DDD6086F07EF57D /* Pods_Start_Printer.framework in Frameworks */,
			);
			runOnlyForDeploymentPostprocessing = 0;
		};
/* End PBXFrameworksBuildPhase section */

/* Begin PBXGroup section */
		058879B51FEC2D868791B1E8 /* Pods */ = {
			isa = PBXGroup;
			children = (
				FB3E1E963521C6EAD6C72591 /* Pods-Start Printer.debug.xcconfig */,
				81999324DF2A051503C7B4C3 /* Pods-Start Printer.release.xcconfig */,
			);
			path = Pods;
			sourceTree = "<group>";
		};
		16EA06734550A09436FCA0D1 /* Frameworks */ = {
			isa = PBXGroup;
			children = (
				2CB60ED90284D327EA4275C2 /* Pods_Start_Printer.framework */,
			);
			name = Frameworks;
			sourceTree = "<group>";
		};
		2E399E0326575944007DCA73 = {
			isa = PBXGroup;
			children = (
				2E399E0E26575944007DCA73 /* Start Printer */,
				2E399E0D26575944007DCA73 /* Products */,
				058879B51FEC2D868791B1E8 /* Pods */,
				16EA06734550A09436FCA0D1 /* Frameworks */,
			);
			sourceTree = "<group>";
		};
		2E399E0D26575944007DCA73 /* Products */ = {
			isa = PBXGroup;
			children = (
				2E399E0C26575944007DCA73 /* Start Printer.app */,
			);
			name = Products;
			sourceTree = "<group>";
		};
		2E399E0E26575944007DCA73 /* Start Printer */ = {
			isa = PBXGroup;
			children = (
				2E399E0F26575944007DCA73 /* AppDelegate.swift */,
				2E399E1126575944007DCA73 /* SceneDelegate.swift */,
				2E399E1326575944007DCA73 /* ViewController.swift */,
				2E399E1526575944007DCA73 /* Main.storyboard */,
				2E399E182657594C007DCA73 /* Assets.xcassets */,
				2E399E1A2657594C007DCA73 /* LaunchScreen.storyboard */,
				2E399E1D2657594C007DCA73 /* Info.plist */,
				2E399E2326576984007DCA73 /* Header.h */,
				2E91CEDD265B31DC00FA9CF7 /* SMDefine.swift */,
			);
			path = "Start Printer";
			sourceTree = "<group>";
		};
/* End PBXGroup section */

/* Begin PBXNativeTarget section */
		2E399E0B26575944007DCA73 /* Start Printer */ = {
			isa = PBXNativeTarget;
			buildConfigurationList = 2E399E202657594C007DCA73 /* Build configuration list for PBXNativeTarget "Start Printer" */;
			buildPhases = (
				F7999BFF5C9A34D30E22ACA9 /* [CP] Check Pods Manifest.lock */,
				2E399E0826575944007DCA73 /* Sources */,
				2E399E0926575944007DCA73 /* Frameworks */,
				2E399E0A26575944007DCA73 /* Resources */,
				F58229088C8BB91A118370AF /* [CP] Copy Pods Resources */,
				C24C6B29382ADA003FEC5F71 /* [CP] Embed Pods Frameworks */,
			);
			buildRules = (
			);
			dependencies = (
			);
			name = "Start Printer";
			productName = "Start Printer";
			productReference = 2E399E0C26575944007DCA73 /* Start Printer.app */;
			productType = "com.apple.product-type.application";
		};
/* End PBXNativeTarget section */

/* Begin PBXProject section */
		2E399E0426575944007DCA73 /* Project object */ = {
			isa = PBXProject;
			attributes = {
				LastSwiftUpdateCheck = 1250;
				LastUpgradeCheck = 1250;
				TargetAttributes = {
					2E399E0B26575944007DCA73 = {
						CreatedOnToolsVersion = 12.5;
					};
				};
			};
			buildConfigurationList = 2E399E0726575944007DCA73 /* Build configuration list for PBXProject "Start Printer" */;
			compatibilityVersion = "Xcode 9.3";
			developmentRegion = en;
			hasScannedForEncodings = 0;
			knownRegions = (
				en,
				Base,
			);
			mainGroup = 2E399E0326575944007DCA73;
			productRefGroup = 2E399E0D26575944007DCA73 /* Products */;
			projectDirPath = "";
			projectRoot = "";
			targets = (
				2E399E0B26575944007DCA73 /* Start Printer */,
			);
		};
/* End PBXProject section */

/* Begin PBXResourcesBuildPhase section */
		2E399E0A26575944007DCA73 /* Resources */ = {
			isa = PBXResourcesBuildPhase;
			buildActionMask = 2147483647;
			files = (
				2E399E1C2657594C007DCA73 /* LaunchScreen.storyboard in Resources */,
				2E399E192657594C007DCA73 /* Assets.xcassets in Resources */,
				2E399E1726575944007DCA73 /* Main.storyboard in Resources */,
			);
			runOnlyForDeploymentPostprocessing = 0;
		};
/* End PBXResourcesBuildPhase section */

/* Begin PBXShellScriptBuildPhase section */
		C24C6B29382ADA003FEC5F71 /* [CP] Embed Pods Frameworks */ = {
			isa = PBXShellScriptBuildPhase;
			buildActionMask = 2147483647;
			files = (
			);
			inputFileListPaths = (
				"${PODS_ROOT}/Target Support Files/Pods-Start Printer/Pods-Start Printer-frameworks-${CONFIGURATION}-input-files.xcfilelist",
			);
			name = "[CP] Embed Pods Frameworks";
			outputFileListPaths = (
				"${PODS_ROOT}/Target Support Files/Pods-Start Printer/Pods-Start Printer-frameworks-${CONFIGURATION}-output-files.xcfilelist",
			);
			runOnlyForDeploymentPostprocessing = 0;
			shellPath = /bin/sh;
			shellScript = "\"${PODS_ROOT}/Target Support Files/Pods-Start Printer/Pods-Start Printer-frameworks.sh\"\n";
			showEnvVarsInLog = 0;
		};
		F58229088C8BB91A118370AF /* [CP] Copy Pods Resources */ = {
			isa = PBXShellScriptBuildPhase;
			buildActionMask = 2147483647;
			files = (
			);
			inputFileListPaths = (
				"${PODS_ROOT}/Target Support Files/Pods-Start Printer/Pods-Start Printer-resources-${CONFIGURATION}-input-files.xcfilelist",
			);
			name = "[CP] Copy Pods Resources";
			outputFileListPaths = (
				"${PODS_ROOT}/Target Support Files/Pods-Start Printer/Pods-Start Printer-resources-${CONFIGURATION}-output-files.xcfilelist",
			);
			runOnlyForDeploymentPostprocessing = 0;
			shellPath = /bin/sh;
			shellScript = "\"${PODS_ROOT}/Target Support Files/Pods-Start Printer/Pods-Start Printer-resources.sh\"\n";
			showEnvVarsInLog = 0;
		};
		F7999BFF5C9A34D30E22ACA9 /* [CP] Check Pods Manifest.lock */ = {
			isa = PBXShellScriptBuildPhase;
			buildActionMask = 2147483647;
			files = (
			);
			inputFileListPaths = (
			);
			inputPaths = (
				"${PODS_PODFILE_DIR_PATH}/Podfile.lock",
				"${PODS_ROOT}/Manifest.lock",
			);
			name = "[CP] Check Pods Manifest.lock";
			outputFileListPaths = (
			);
			outputPaths = (
				"$(DERIVED_FILE_DIR)/Pods-Start Printer-checkManifestLockResult.txt",
			);
			runOnlyForDeploymentPostprocessing = 0;
			shellPath = /bin/sh;
			shellScript = "diff \"${PODS_PODFILE_DIR_PATH}/Podfile.lock\" \"${PODS_ROOT}/Manifest.lock\" > /dev/null\nif [ $? != 0 ] ; then\n    # print error to STDERR\n    echo \"error: The sandbox is not in sync with the Podfile.lock. Run 'pod install' or update your CocoaPods installation.\" >&2\n    exit 1\nfi\n# This output is used by Xcode 'outputs' to avoid re-running this script phase.\necho \"SUCCESS\" > \"${SCRIPT_OUTPUT_FILE_0}\"\n";
			showEnvVarsInLog = 0;
		};
/* End PBXShellScriptBuildPhase section */

/* Begin PBXSourcesBuildPhase section */
		2E399E0826575944007DCA73 /* Sources */ = {
			isa = PBXSourcesBuildPhase;
			buildActionMask = 2147483647;
			files = (
				2E91CEDE265B31DC00FA9CF7 /* SMDefine.swift in Sources */,
				2E399E1426575944007DCA73 /* ViewController.swift in Sources */,
				2E399E1026575944007DCA73 /* AppDelegate.swift in Sources */,
				2E399E1226575944007DCA73 /* SceneDelegate.swift in Sources */,
			);
			runOnlyForDeploymentPostprocessing = 0;
		};
/* End PBXSourcesBuildPhase section */

/* Begin PBXVariantGroup section */
		2E399E1526575944007DCA73 /* Main.storyboard */ = {
			isa = PBXVariantGroup;
			children = (
				2E399E1626575944007DCA73 /* Base */,
			);
			name = Main.storyboard;
			sourceTree = "<group>";
		};
		2E399E1A2657594C007DCA73 /* LaunchScreen.storyboard */ = {
			isa = PBXVariantGroup;
			children = (
				2E399E1B2657594C007DCA73 /* Base */,
			);
			name = LaunchScreen.storyboard;
			sourceTree = "<group>";
		};
/* End PBXVariantGroup section */

/* Begin XCBuildConfiguration section */
		2E399E1E2657594C007DCA73 /* Debug */ = {
			isa = XCBuildConfiguration;
			buildSettings = {
				ALWAYS_SEARCH_USER_PATHS = NO;
				CLANG_ANALYZER_NONNULL = YES;
				CLANG_ANALYZER_NUMBER_OBJECT_CONVERSION = YES_AGGRESSIVE;
				CLANG_CXX_LANGUAGE_STANDARD = "gnu++14";
				CLANG_CXX_LIBRARY = "libc++";
				CLANG_ENABLE_MODULES = YES;
				CLANG_ENABLE_OBJC_ARC = YES;
				CLANG_ENABLE_OBJC_WEAK = YES;
				CLANG_WARN_BLOCK_CAPTURE_AUTORELEASING = YES;
				CLANG_WARN_BOOL_CONVERSION = YES;
				CLANG_WARN_COMMA = YES;
				CLANG_WARN_CONSTANT_CONVERSION = YES;
				CLANG_WARN_DEPRECATED_OBJC_IMPLEMENTATIONS = YES;
				CLANG_WARN_DIRECT_OBJC_ISA_USAGE = YES_ERROR;
				CLANG_WARN_DOCUMENTATION_COMMENTS = YES;
				CLANG_WARN_EMPTY_BODY = YES;
				CLANG_WARN_ENUM_CONVERSION = YES;
				CLANG_WARN_INFINITE_RECURSION = YES;
				CLANG_WARN_INT_CONVERSION = YES;
				CLANG_WARN_NON_LITERAL_NULL_CONVERSION = YES;
				CLANG_WARN_OBJC_IMPLICIT_RETAIN_SELF = YES;
				CLANG_WARN_OBJC_LITERAL_CONVERSION = YES;
				CLANG_WARN_OBJC_ROOT_CLASS = YES_ERROR;
				CLANG_WARN_QUOTED_INCLUDE_IN_FRAMEWORK_HEADER = YES;
				CLANG_WARN_RANGE_LOOP_ANALYSIS = YES;
				CLANG_WARN_STRICT_PROTOTYPES = YES;
				CLANG_WARN_SUSPICIOUS_MOVE = YES;
				CLANG_WARN_UNGUARDED_AVAILABILITY = YES_AGGRESSIVE;
				CLANG_WARN_UNREACHABLE_CODE = YES;
				CLANG_WARN__DUPLICATE_METHOD_MATCH = YES;
				COPY_PHASE_STRIP = NO;
				DEBUG_INFORMATION_FORMAT = dwarf;
				ENABLE_STRICT_OBJC_MSGSEND = YES;
				ENABLE_TESTABILITY = YES;
				GCC_C_LANGUAGE_STANDARD = gnu11;
				GCC_DYNAMIC_NO_PIC = NO;
				GCC_NO_COMMON_BLOCKS = YES;
				GCC_OPTIMIZATION_LEVEL = 0;
				GCC_PREPROCESSOR_DEFINITIONS = (
					"DEBUG=1",
					"$(inherited)",
				);
				GCC_WARN_64_TO_32_BIT_CONVERSION = YES;
				GCC_WARN_ABOUT_RETURN_TYPE = YES_ERROR;
				GCC_WARN_UNDECLARED_SELECTOR = YES;
				GCC_WARN_UNINITIALIZED_AUTOS = YES_AGGRESSIVE;
				GCC_WARN_UNUSED_FUNCTION = YES;
				GCC_WARN_UNUSED_VARIABLE = YES;
				IPHONEOS_DEPLOYMENT_TARGET = 12.0;
				MTL_ENABLE_DEBUG_INFO = INCLUDE_SOURCE;
				MTL_FAST_MATH = YES;
				ONLY_ACTIVE_ARCH = YES;
				SDKROOT = iphoneos;
				SWIFT_ACTIVE_COMPILATION_CONDITIONS = DEBUG;
				SWIFT_OPTIMIZATION_LEVEL = "-Onone";
			};
			name = Debug;
		};
		2E399E1F2657594C007DCA73 /* Release */ = {
			isa = XCBuildConfiguration;
			buildSettings = {
				ALWAYS_SEARCH_USER_PATHS = NO;
				CLANG_ANALYZER_NONNULL = YES;
				CLANG_ANALYZER_NUMBER_OBJECT_CONVERSION = YES_AGGRESSIVE;
				CLANG_CXX_LANGUAGE_STANDARD = "gnu++14";
				CLANG_CXX_LIBRARY = "libc++";
				CLANG_ENABLE_MODULES = YES;
				CLANG_ENABLE_OBJC_ARC = YES;
				CLANG_ENABLE_OBJC_WEAK = YES;
				CLANG_WARN_BLOCK_CAPTURE_AUTORELEASING = YES;
				CLANG_WARN_BOOL_CONVERSION = YES;
				CLANG_WARN_COMMA = YES;
				CLANG_WARN_CONSTANT_CONVERSION = YES;
				CLANG_WARN_DEPRECATED_OBJC_IMPLEMENTATIONS = YES;
				CLANG_WARN_DIRECT_OBJC_ISA_USAGE = YES_ERROR;
				CLANG_WARN_DOCUMENTATION_COMMENTS = YES;
				CLANG_WARN_EMPTY_BODY = YES;
				CLANG_WARN_ENUM_CONVERSION = YES;
				CLANG_WARN_INFINITE_RECURSION = YES;
				CLANG_WARN_INT_CONVERSION = YES;
				CLANG_WARN_NON_LITERAL_NULL_CONVERSION = YES;
				CLANG_WARN_OBJC_IMPLICIT_RETAIN_SELF = YES;
				CLANG_WARN_OBJC_LITERAL_CONVERSION = YES;
				CLANG_WARN_OBJC_ROOT_CLASS = YES_ERROR;
				CLANG_WARN_QUOTED_INCLUDE_IN_FRAMEWORK_HEADER = YES;
				CLANG_WARN_RANGE_LOOP_ANALYSIS = YES;
				CLANG_WARN_STRICT_PROTOTYPES = YES;
				CLANG_WARN_SUSPICIOUS_MOVE = YES;
				CLANG_WARN_UNGUARDED_AVAILABILITY = YES_AGGRESSIVE;
				CLANG_WARN_UNREACHABLE_CODE = YES;
				CLANG_WARN__DUPLICATE_METHOD_MATCH = YES;
				COPY_PHASE_STRIP = NO;
				DEBUG_INFORMATION_FORMAT = "dwarf-with-dsym";
				ENABLE_NS_ASSERTIONS = NO;
				ENABLE_STRICT_OBJC_MSGSEND = YES;
				GCC_C_LANGUAGE_STANDARD = gnu11;
				GCC_NO_COMMON_BLOCKS = YES;
				GCC_WARN_64_TO_32_BIT_CONVERSION = YES;
				GCC_WARN_ABOUT_RETURN_TYPE = YES_ERROR;
				GCC_WARN_UNDECLARED_SELECTOR = YES;
				GCC_WARN_UNINITIALIZED_AUTOS = YES_AGGRESSIVE;
				GCC_WARN_UNUSED_FUNCTION = YES;
				GCC_WARN_UNUSED_VARIABLE = YES;
				IPHONEOS_DEPLOYMENT_TARGET = 12.0;
				MTL_ENABLE_DEBUG_INFO = NO;
				MTL_FAST_MATH = YES;
				SDKROOT = iphoneos;
				SWIFT_COMPILATION_MODE = wholemodule;
				SWIFT_OPTIMIZATION_LEVEL = "-O";
				VALIDATE_PRODUCT = YES;
			};
			name = Release;
		};
		2E399E212657594C007DCA73 /* Debug */ = {
			isa = XCBuildConfiguration;
			baseConfigurationReference = FB3E1E963521C6EAD6C72591 /* Pods-Start Printer.debug.xcconfig */;
			buildSettings = {
				ASSETCATALOG_COMPILER_APPICON_NAME = AppIcon;
				ASSETCATALOG_COMPILER_GLOBAL_ACCENT_COLOR_NAME = AccentColor;
				CODE_SIGN_STYLE = Automatic;
				DEVELOPMENT_TEAM = 9ZWLNZ43F6;
				INFOPLIST_FILE = "Start Printer/Info.plist";
				IPHONEOS_DEPLOYMENT_TARGET = 12.1;
				LD_RUNPATH_SEARCH_PATHS = (
					"$(inherited)",
					"@executable_path/Frameworks",
				);
				PRODUCT_BUNDLE_IDENTIFIER = "quanbui.Start-Printer";
				PRODUCT_NAME = "$(TARGET_NAME)";
				SWIFT_OBJC_BRIDGING_HEADER = "$(SRCROOT)/$(PROJECT)/Header.h";
				SWIFT_VERSION = 5.0;
				TARGETED_DEVICE_FAMILY = "1,2";
			};
			name = Debug;
		};
		2E399E222657594C007DCA73 /* Release */ = {
			isa = XCBuildConfiguration;
			baseConfigurationReference = 81999324DF2A051503C7B4C3 /* Pods-Start Printer.release.xcconfig */;
			buildSettings = {
				ASSETCATALOG_COMPILER_APPICON_NAME = AppIcon;
				ASSETCATALOG_COMPILER_GLOBAL_ACCENT_COLOR_NAME = AccentColor;
				CODE_SIGN_STYLE = Automatic;
				DEVELOPMENT_TEAM = 9ZWLNZ43F6;
				INFOPLIST_FILE = "Start Printer/Info.plist";
				IPHONEOS_DEPLOYMENT_TARGET = 12.1;
				LD_RUNPATH_SEARCH_PATHS = (
					"$(inherited)",
					"@executable_path/Frameworks",
				);
				PRODUCT_BUNDLE_IDENTIFIER = "quanbui.Start-Printer";
				PRODUCT_NAME = "$(TARGET_NAME)";
				SWIFT_OBJC_BRIDGING_HEADER = "$(SRCROOT)/$(PROJECT)/Header.h";
				SWIFT_VERSION = 5.0;
				TARGETED_DEVICE_FAMILY = "1,2";
			};
			name = Release;
		};
/* End XCBuildConfiguration section */

/* Begin XCConfigurationList section */
		2E399E0726575944007DCA73 /* Build configuration list for PBXProject "Start Printer" */ = {
			isa = XCConfigurationList;
			buildConfigurations = (
				2E399E1E2657594C007DCA73 /* Debug */,
				2E399E1F2657594C007DCA73 /* Release */,
			);
			defaultConfigurationIsVisible = 0;
			defaultConfigurationName = Release;
		};
		2E399E202657594C007DCA73 /* Build configuration list for PBXNativeTarget "Start Printer" */ = {
			isa = XCConfigurationList;
			buildConfigurations = (
				2E399E212657594C007DCA73 /* Debug */,
				2E399E222657594C007DCA73 /* Release */,
			);
			defaultConfigurationIsVisible = 0;
			defaultConfigurationName = Release;
		};
/* End XCConfigurationList section */
	};
	rootObject = 2E399E0426575944007DCA73 /* Project object */;
}
